
Microsoft Visual Studio Solution File, Format Version 12.00
# Visual Studio 15
VisualStudioVersion = 15.0.27130.2026
MinimumVisualStudioVersion = 10.0.40219.1
Project("{FAE04EC0-301F-11D3-BF4B-00C04F79EFBC}") = "Starfield", "Starfield\Starfield.csproj", "{644A8D1C-75B4-41F0-9C53-319A81974285}"
EndProject
Global
	GlobalSection(SolutionConfigurationPlatforms) = preSolution
		Debug|Any CPU = Debug|Any CPU
		Release|Any CPU = Release|Any CPU
	EndGlobalSection
	GlobalSection(ProjectConfigurationPlatforms) = postSolution
		{644A8D1C-75B4-41F0-9C53-319A81974285}.Debug|Any CPU.ActiveCfg = Debug|Any CPU
		{644A8D1C-75B4-41F0-9C53-319A81974285}.Debug|Any CPU.Build.0 = Debug|Any CPU
		{644A8D1C-75B4-41F0-9C53-319A81974285}.Release|Any CPU.ActiveCfg = Release|Any CPU
		{644A8D1C-75B4-41F0-9C53-319A81974285}.Release|Any CPU.Build.0 = Release|Any CPU
	EndGlobalSection
	GlobalSection(SolutionProperties) = preSolution
		HideSolutionNode = FALSE
	EndGlobalSection
	GlobalSection(ExtensibilityGlobals) = postSolution
		SolutionGuid = {798B6680-C677-4143-87C6-5F85B24532FB}
	EndGlobalSection
EndGlobal
